
Microsoft Visual Studio Solution File, Format Version 12.00
# Visual Studio Version 17
VisualStudioVersion = 17.7.34202.233
MinimumVisualStudioVersion = 10.0.40219.1
Project("{FAE04EC0-301F-11D3-BF4B-00C04F79EFBC}") = "Carrello", "Carrello\Carrello.csproj", "{F93B1D14-7875-4947-8734-C6CC479C794D}"
EndProject
Global
	GlobalSection(SolutionConfigurationPlatforms) = preSolution
		Debug|Any CPU = Debug|Any CPU
		Release|Any CPU = Release|Any CPU
	EndGlobalSection
	GlobalSection(ProjectConfigurationPlatforms) = postSolution
		{F93B1D14-7875-4947-8734-C6CC479C794D}.Debug|Any CPU.ActiveCfg = Debug|Any CPU
		{F93B1D14-7875-4947-8734-C6CC479C794D}.Debug|Any CPU.Build.0 = Debug|Any CPU
		{F93B1D14-7875-4947-8734-C6CC479C794D}.Release|Any CPU.ActiveCfg = Release|Any CPU
		{F93B1D14-7875-4947-8734-C6CC479C794D}.Release|Any CPU.Build.0 = Release|Any CPU
	EndGlobalSection
	GlobalSection(SolutionProperties) = preSolution
		HideSolutionNode = FALSE
	EndGlobalSection
	GlobalSection(ExtensibilityGlobals) = postSolution
		SolutionGuid = {1BFB79EA-66E5-4769-8269-626776A46E73}
	EndGlobalSection
EndGlobal
